
Microsoft Visual Studio Solution File, Format Version 12.00
# Visual Studio 15
VisualStudioVersion = 15.0.28307.329
MinimumVisualStudioVersion = 10.0.40219.1
Project("{9A19103F-16F7-4668-BE54-9A1E7A4F7556}") = "eMAM.Data", "eMAM.Data\eMAM.Data.csproj", "{3C1ABBCD-5EA0-4733-BA71-0882B0001BF6}"
EndProject
Project("{9A19103F-16F7-4668-BE54-9A1E7A4F7556}") = "eMAM.UI", "eMAM.UI\eMAM.UI.csproj", "{602BEB0E-59C4-4EAF-918E-AB431BF4B714}"
EndProject
Project("{9A19103F-16F7-4668-BE54-9A1E7A4F7556}") = "eMAM.Service", "eMAM.Service\eMAM.Service.csproj", "{BC1BDD7B-544D-44FA-B7FB-B8016621FC3A}"
EndProject
Project("{FAE04EC0-301F-11D3-BF4B-00C04F79EFBC}") = "eMAM.Logs", "eMAM.Logs\eMAM.Logs.csproj", "{4F9AEF58-08DF-4562-B04D-2B48E613669C}"
EndProject
Global
	GlobalSection(SolutionConfigurationPlatforms) = preSolution
		Debug|Any CPU = Debug|Any CPU
		Release|Any CPU = Release|Any CPU
	EndGlobalSection
	GlobalSection(ProjectConfigurationPlatforms) = postSolution
		{3C1ABBCD-5EA0-4733-BA71-0882B0001BF6}.Debug|Any CPU.ActiveCfg = Debug|Any CPU
		{3C1ABBCD-5EA0-4733-BA71-0882B0001BF6}.Debug|Any CPU.Build.0 = Debug|Any CPU
		{3C1ABBCD-5EA0-4733-BA71-0882B0001BF6}.Release|Any CPU.ActiveCfg = Release|Any CPU
		{3C1ABBCD-5EA0-4733-BA71-0882B0001BF6}.Release|Any CPU.Build.0 = Release|Any CPU
		{602BEB0E-59C4-4EAF-918E-AB431BF4B714}.Debug|Any CPU.ActiveCfg = Debug|Any CPU
		{602BEB0E-59C4-4EAF-918E-AB431BF4B714}.Debug|Any CPU.Build.0 = Debug|Any CPU
		{602BEB0E-59C4-4EAF-918E-AB431BF4B714}.Release|Any CPU.ActiveCfg = Release|Any CPU
		{602BEB0E-59C4-4EAF-918E-AB431BF4B714}.Release|Any CPU.Build.0 = Release|Any CPU
		{BC1BDD7B-544D-44FA-B7FB-B8016621FC3A}.Debug|Any CPU.ActiveCfg = Debug|Any CPU
		{BC1BDD7B-544D-44FA-B7FB-B8016621FC3A}.Debug|Any CPU.Build.0 = Debug|Any CPU
		{BC1BDD7B-544D-44FA-B7FB-B8016621FC3A}.Release|Any CPU.ActiveCfg = Release|Any CPU
		{BC1BDD7B-544D-44FA-B7FB-B8016621FC3A}.Release|Any CPU.Build.0 = Release|Any CPU
		{4F9AEF58-08DF-4562-B04D-2B48E613669C}.Debug|Any CPU.ActiveCfg = Debug|Any CPU
		{4F9AEF58-08DF-4562-B04D-2B48E613669C}.Debug|Any CPU.Build.0 = Debug|Any CPU
		{4F9AEF58-08DF-4562-B04D-2B48E613669C}.Release|Any CPU.ActiveCfg = Release|Any CPU
		{4F9AEF58-08DF-4562-B04D-2B48E613669C}.Release|Any CPU.Build.0 = Release|Any CPU
	EndGlobalSection
	GlobalSection(SolutionProperties) = preSolution
		HideSolutionNode = FALSE
	EndGlobalSection
	GlobalSection(ExtensibilityGlobals) = postSolution
		SolutionGuid = {1F97C6D6-14B8-42D0-B808-BA6A97543AE0}
	EndGlobalSection
EndGlobal
